
Microsoft Visual Studio Solution File, Format Version 12.00
# Visual Studio Version 17
VisualStudioVersion = 17.4.33205.214
MinimumVisualStudioVersion = 10.0.40219.1
Project("{FAE04EC0-301F-11D3-BF4B-00C04F79EFBC}") = "Proiect Securitate", "Proiect Securitate\Proiect Securitate.csproj", "{1CFF2BFB-16AA-4023-95C3-F887FB4FAFDD}"
EndProject
Global
	GlobalSection(SolutionConfigurationPlatforms) = preSolution
		Debug|Any CPU = Debug|Any CPU
		Release|Any CPU = Release|Any CPU
	EndGlobalSection
	GlobalSection(ProjectConfigurationPlatforms) = postSolution
		{1CFF2BFB-16AA-4023-95C3-F887FB4FAFDD}.Debug|Any CPU.ActiveCfg = Debug|Any CPU
		{1CFF2BFB-16AA-4023-95C3-F887FB4FAFDD}.Debug|Any CPU.Build.0 = Debug|Any CPU
		{1CFF2BFB-16AA-4023-95C3-F887FB4FAFDD}.Release|Any CPU.ActiveCfg = Release|Any CPU
		{1CFF2BFB-16AA-4023-95C3-F887FB4FAFDD}.Release|Any CPU.Build.0 = Release|Any CPU
	EndGlobalSection
	GlobalSection(SolutionProperties) = preSolution
		HideSolutionNode = FALSE
	EndGlobalSection
	GlobalSection(ExtensibilityGlobals) = postSolution
		SolutionGuid = {B05EE56F-525F-42AC-9DB7-EEEC53B2CA42}
	EndGlobalSection
EndGlobal
